
Microsoft Visual Studio Solution File, Format Version 12.00
# Visual Studio Version 16
VisualStudioVersion = 16.0.29613.14
MinimumVisualStudioVersion = 10.0.40219.1
Project("{FAE04EC0-301F-11D3-BF4B-00C04F79EFBC}") = "Socks5Server", "Socks5Server\Socks5Server.csproj", "{ECA92CC5-5E1D-46D5-85C9-D4781BFFAE3B}"
EndProject
Global
	GlobalSection(SolutionConfigurationPlatforms) = preSolution
		Debug|Any CPU = Debug|Any CPU
		Release|Any CPU = Release|Any CPU
	EndGlobalSection
	GlobalSection(ProjectConfigurationPlatforms) = postSolution
		{ECA92CC5-5E1D-46D5-85C9-D4781BFFAE3B}.Debug|Any CPU.ActiveCfg = Debug|Any CPU
		{ECA92CC5-5E1D-46D5-85C9-D4781BFFAE3B}.Debug|Any CPU.Build.0 = Debug|Any CPU
		{ECA92CC5-5E1D-46D5-85C9-D4781BFFAE3B}.Release|Any CPU.ActiveCfg = Release|Any CPU
		{ECA92CC5-5E1D-46D5-85C9-D4781BFFAE3B}.Release|Any CPU.Build.0 = Release|Any CPU
	EndGlobalSection
	GlobalSection(SolutionProperties) = preSolution
		HideSolutionNode = FALSE
	EndGlobalSection
	GlobalSection(ExtensibilityGlobals) = postSolution
		SolutionGuid = {A52A2E0C-C428-411F-A0CF-A00962E92D47}
	EndGlobalSection
EndGlobal
